<?xml version="1.0" encoding="utf-8"?>
<Project ToolsVersion="4.0" xmlns="http://schemas.microsoft.com/developer/msbuild/2003">
  <ItemGroup>
    <Filter Include="Source Files">
      <UniqueIdentifier>{4FC737F1-C7A5-4376-A066-2A32D752A2FF}</UniqueIdentifier>
      <Extensions>cpp;c;cc;cxx;def;odl;idl;hpj;bat;asm;asmx</Extensions>
    </Filter>
    <Filter Include="Header Files">
      <UniqueIdentifier>{93995380-89BD-4b04-88EB-625FBE52EBFB}</UniqueIdentifier>
      <Extensions>h;hh;hpp;hxx;hm;inl;inc;xsd</Extensions>
    </Filter>
    <Filter Include="Resource Files">
      <UniqueIdentifier>{67DA6AB6-F800-4c08-8B7A-83BB121AAD01}</UniqueIdentifier>
      <Extensions>rc;ico;cur;bmp;dlg;rc2;rct;bin;rgs;gif;jpg;jpeg;jpe;resx;tiff;tif;png;wav;mfcribbon-ms</Extensions>
    </Filter>
    <Filter Include="Header Files\Unity">
      <UniqueIdentifier>{b15b08cb-2ba2-4695-9498-d25a17791a64}</UniqueIdentifier>
    </Filter>
    <Filter Include="Header Files\Spout">
      <UniqueIdentifier>{1656003a-b482-4621-9af4-a94ca24ea675}</UniqueIdentifier>
    </Filter>
    <Filter Include="Source Files\Spout">
      <UniqueIdentifier>{4f8c8a93-713b-4134-9dad-fe6fe1e57531}</UniqueIdentifier>
    </Filter>
  </ItemGroup>
  <ItemGroup>
    <ClCompile Include="KlakSpout.cpp">
      <Filter>Source Files</Filter>
    </ClCompile>
    <ClCompile Include="Spout\SpoutCopy.cpp">
      <Filter>Source Files\Spout</Filter>
    </ClCompile>
    <ClCompile Include="Spout\SpoutDirectX.cpp">
      <Filter>Source Files\Spout</Filter>
    </ClCompile>
    <ClCompile Include="Spout\SpoutGLDXinterop.cpp">
      <Filter>Source Files\Spout</Filter>
    </ClCompile>
    <ClCompile Include="Spout\SpoutGLextensions.cpp">
      <Filter>Source Files\Spout</Filter>
    </ClCompile>
    <ClCompile Include="Spout\SpoutMemoryShare.cpp">
      <Filter>Source Files\Spout</Filter>
    </ClCompile>
    <ClCompile Include="Spout\SpoutReceiver.cpp">
      <Filter>Source Files\Spout</Filter>
    </ClCompile>
    <ClCompile Include="Spout\SpoutSDK.cpp">
      <Filter>Source Files\Spout</Filter>
    </ClCompile>
    <ClCompile Include="Spout\SpoutSender.cpp">
      <Filter>Source Files\Spout</Filter>
    </ClCompile>
    <ClCompile Include="Spout\SpoutSenderMemory.cpp">
      <Filter>Source Files\Spout</Filter>
    </ClCompile>
    <ClCompile Include="Spout\SpoutSenderNames.cpp">
      <Filter>Source Files\Spout</Filter>
    </ClCompile>
    <ClCompile Include="Spout\SpoutSharedMemory.cpp">
      <Filter>Source Files\Spout</Filter>
    </ClCompile>
  </ItemGroup>
  <ItemGroup>
    <ClInclude Include="Unity\IUnityGraphics.h">
      <Filter>Header Files\Unity</Filter>
    </ClInclude>
    <ClInclude Include="Unity\IUnityGraphicsD3D9.h">
      <Filter>Header Files\Unity</Filter>
    </ClInclude>
    <ClInclude Include="Unity\IUnityGraphicsD3D11.h">
      <Filter>Header Files\Unity</Filter>
    </ClInclude>
    <ClInclude Include="Unity\IUnityGraphicsD3D12.h">
      <Filter>Header Files\Unity</Filter>
    </ClInclude>
    <ClInclude Include="Unity\IUnityGraphicsMetal.h">
      <Filter>Header Files\Unity</Filter>
    </ClInclude>
    <ClInclude Include="Unity\IUnityInterface.h">
      <Filter>Header Files\Unity</Filter>
    </ClInclude>
    <ClInclude Include="Spout\Spout.h">
      <Filter>Header Files\Spout</Filter>
    </ClInclude>
    <ClInclude Include="Spout\SpoutCommon.h">
      <Filter>Header Files\Spout</Filter>
    </ClInclude>
    <ClInclude Include="Spout\SpoutCopy.h">
      <Filter>Header Files\Spout</Filter>
    </ClInclude>
    <ClInclude Include="Spout\SpoutDirectX.h">
      <Filter>Header Files\Spout</Filter>
    </ClInclude>
    <ClInclude Include="Spout\SpoutGLDXinterop.h">
      <Filter>Header Files\Spout</Filter>
    </ClInclude>
    <ClInclude Include="Spout\SpoutGLextensions.h">
      <Filter>Header Files\Spout</Filter>
    </ClInclude>
    <ClInclude Include="Spout\SpoutMemoryShare.h">
      <Filter>Header Files\Spout</Filter>
    </ClInclude>
    <ClInclude Include="Spout\SpoutReceiver.h">
      <Filter>Header Files\Spout</Filter>
    </ClInclude>
    <ClInclude Include="Spout\SpoutSDK.h">
      <Filter>Header Files\Spout</Filter>
    </ClInclude>
    <ClInclude Include="Spout\SpoutSender.h">
      <Filter>Header Files\Spout</Filter>
    </ClInclude>
    <ClInclude Include="Spout\SpoutSenderMemory.h">
      <Filter>Header Files\Spout</Filter>
    </ClInclude>
    <ClInclude Include="Spout\SpoutSenderNames.h">
      <Filter>Header Files\Spout</Filter>
    </ClInclude>
    <ClInclude Include="Spout\SpoutSharedMemory.h">
      <Filter>Header Files\Spout</Filter>
    </ClInclude>
    <ClInclude Include="KlakSpoutGlobals.h">
      <Filter>Source Files</Filter>
    </ClInclude>
    <ClInclude Include="KlakSpoutSharedObject.h">
      <Filter>Source Files</Filter>
    </ClInclude>
  </ItemGroup>
</Project>